// !$*UTF8*$!
{
	archiveVersion = 1;
	classes = {
	};
	objectVersion = 46;
	objects = {

/* Begin PBXBuildFile section */
		2C6CF0FB18F11DC500BF14D4 /* Foundation.framework in Frameworks */ = {isa = PBXBuildFile; fileRef = 2C6CF0FA18F11DC500BF14D4 /* Foundation.framework */; };
		2C6CF0FD18F11DC500BF14D4 /* CoreGraphics.framework in Frameworks */ = {isa = PBXBuildFile; fileRef = 2C6CF0FC18F11DC500BF14D4 /* CoreGraphics.framework */; };
		2C6CF0FF18F11DC500BF14D4 /* UIKit.framework in Frameworks */ = {isa = PBXBuildFile; fileRef = 2C6CF0FE18F11DC500BF14D4 /* UIKit.framework */; };
		2C6CF10518F11DC500BF14D4 /* InfoPlist.strings in Resources */ = {isa = PBXBuildFile; fileRef = 2C6CF10318F11DC500BF14D4 /* InfoPlist.strings */; };
		2C6CF10718F11DC500BF14D4 /* main.m in Sources */ = {isa = PBXBuildFile; fileRef = 2C6CF10618F11DC500BF14D4 /* main.m */; };
		2C6CF10B18F11DC500BF14D4 /* Test2AppDelegate.m in Sources */ = {isa = PBXBuildFile; fileRef = 2C6CF10A18F11DC500BF14D4 /* Test2AppDelegate.m */; };
		2C6CF10E18F11DC500BF14D4 /* Main.storyboard in Resources */ = {isa = PBXBuildFile; fileRef = 2C6CF10C18F11DC500BF14D4 /* Main.storyboard */; };
		2C6CF11118F11DC500BF14D4 /* Test2FirstViewController.m in Sources */ = {isa = PBXBuildFile; fileRef = 2C6CF11018F11DC500BF14D4 /* Test2FirstViewController.m */; };
		2C6CF11418F11DC500BF14D4 /* Test2SecondViewController.m in Sources */ = {isa = PBXBuildFile; fileRef = 2C6CF11318F11DC500BF14D4 /* Test2SecondViewController.m */; };
		2C6CF11618F11DC500BF14D4 /* Images.xcassets in Resources */ = {isa = PBXBuildFile; fileRef = 2C6CF11518F11DC500BF14D4 /* Images.xcassets */; };
		2C6CF11D18F11DC500BF14D4 /* XCTest.framework in Frameworks */ = {isa = PBXBuildFile; fileRef = 2C6CF11C18F11DC500BF14D4 /* XCTest.framework */; };
		2C6CF11E18F11DC500BF14D4 /* Foundation.framework in Frameworks */ = {isa = PBXBuildFile; fileRef = 2C6CF0FA18F11DC500BF14D4 /* Foundation.framework */; };
		2C6CF11F18F11DC500BF14D4 /* UIKit.framework in Frameworks */ = {isa = PBXBuildFile; fileRef = 2C6CF0FE18F11DC500BF14D4 /* UIKit.framework */; };
		2C6CF12718F11DC600BF14D4 /* InfoPlist.strings in Resources */ = {isa = PBXBuildFile; fileRef = 2C6CF12518F11DC600BF14D4 /* InfoPlist.strings */; };
		2C6CF12918F11DC600BF14D4 /* Test2Tests.m in Sources */ = {isa = PBXBuildFile; fileRef = 2C6CF12818F11DC600BF14D4 /* Test2Tests.m */; };
/* End PBXBuildFile section */

/* Begin PBXContainerItemProxy section */
		2C6CF12018F11DC500BF14D4 /* PBXContainerItemProxy */ = {
			isa = PBXContainerItemProxy;
			containerPortal = 2C6CF0EF18F11DC500BF14D4 /* Project object */;
			proxyType = 1;
			remoteGlobalIDString = 2C6CF0F618F11DC500BF14D4;
			remoteInfo = Test2;
		};
/* End PBXContainerItemProxy section */

/* Begin PBXFileReference section */
		2C6CF0F718F11DC500BF14D4 /* Test2.app */ = {isa = PBXFileReference; explicitFileType = wrapper.application; includeInIndex = 0; path = Test2.app; sourceTree = BUILT_PRODUCTS_DIR; };
		2C6CF0FA18F11DC500BF14D4 /* Foundation.framework */ = {isa = PBXFileReference; lastKnownFileType = wrapper.framework; name = Foundation.framework; path = System/Library/Frameworks/Foundation.framework; sourceTree = SDKROOT; };
		2C6CF0FC18F11DC500BF14D4 /* CoreGraphics.framework */ = {isa = PBXFileReference; lastKnownFileType = wrapper.framework; name = CoreGraphics.framework; path = System/Library/Frameworks/CoreGraphics.framework; sourceTree = SDKROOT; };
		2C6CF0FE18F11DC500BF14D4 /* UIKit.framework */ = {isa = PBXFileReference; lastKnownFileType = wrapper.framework; name = UIKit.framework; path = System/Library/Frameworks/UIKit.framework; sourceTree = SDKROOT; };
		2C6CF10218F11DC500BF14D4 /* Test2-Info.plist */ = {isa = PBXFileReference; lastKnownFileType = text.plist.xml; path = "Test2-Info.plist"; sourceTree = "<group>"; };
		2C6CF10418F11DC500BF14D4 /* en */ = {isa = PBXFileReference; lastKnownFileType = text.plist.strings; name = en; path = en.lproj/InfoPlist.strings; sourceTree = "<group>"; };
		2C6CF10618F11DC500BF14D4 /* main.m */ = {isa = PBXFileReference; lastKnownFileType = sourcecode.c.objc; path = main.m; sourceTree = "<group>"; };
		2C6CF10818F11DC500BF14D4 /* Test2-Prefix.pch */ = {isa = PBXFileReference; lastKnownFileType = sourcecode.c.h; path = "Test2-Prefix.pch"; sourceTree = "<group>"; };
		2C6CF10918F11DC500BF14D4 /* Test2AppDelegate.h */ = {isa = PBXFileReference; lastKnownFileType = sourcecode.c.h; path = Test2AppDelegate.h; sourceTree = "<group>"; };
		2C6CF10A18F11DC500BF14D4 /* Test2AppDelegate.m */ = {isa = PBXFileReference; lastKnownFileType = sourcecode.c.objc; path = Test2AppDelegate.m; sourceTree = "<group>"; };
		2C6CF10D18F11DC500BF14D4 /* Base */ = {isa = PBXFileReference; lastKnownFileType = file.storyboard; name = Base; path = Base.lproj/Main.storyboard; sourceTree = "<group>"; };
		2C6CF10F18F11DC500BF14D4 /* Test2FirstViewController.h */ = {isa = PBXFileReference; lastKnownFileType = sourcecode.c.h; path = Test2FirstViewController.h; sourceTree = "<group>"; };
		2C6CF11018F11DC500BF14D4 /* Test2FirstViewController.m */ = {isa = PBXFileReference; lastKnownFileType = sourcecode.c.objc; path = Test2FirstViewController.m; sourceTree = "<group>"; };
		2C6CF11218F11DC500BF14D4 /* Test2SecondViewController.h */ = {isa = PBXFileReference; lastKnownFileType = sourcecode.c.h; path = Test2SecondViewController.h; sourceTree = "<group>"; };
		2C6CF11318F11DC500BF14D4 /* Test2SecondViewController.m */ = {isa = PBXFileReference; lastKnownFileType = sourcecode.c.objc; path = Test2SecondViewController.m; sourceTree = "<group>"; };
		2C6CF11518F11DC500BF14D4 /* Images.xcassets */ = {isa = PBXFileReference; lastKnownFileType = folder.assetcatalog; path = Images.xcassets; sourceTree = "<group>"; };
		2C6CF11B18F11DC500BF14D4 /* Test2Tests.xctest */ = {isa = PBXFileReference; explicitFileType = wrapper.cfbundle; includeInIndex = 0; path = Test2Tests.xctest; sourceTree = BUILT_PRODUCTS_DIR; };
		2C6CF11C18F11DC500BF14D4 /* XCTest.framework */ = {isa = PBXFileReference; lastKnownFileType = wrapper.framework; name = XCTest.framework; path = Library/Frameworks/XCTest.framework; sourceTree = DEVELOPER_DIR; };
		2C6CF12418F11DC600BF14D4 /* Test2Tests-Info.plist */ = {isa = PBXFileReference; lastKnownFileType = text.plist.xml; path = "Test2Tests-Info.plist"; sourceTree = "<group>"; };
		2C6CF12618F11DC600BF14D4 /* en */ = {isa = PBXFileReference; lastKnownFileType = text.plist.strings; name = en; path = en.lproj/InfoPlist.strings; sourceTree = "<group>"; };
		2C6CF12818F11DC600BF14D4 /* Test2Tests.m */ = {isa = PBXFileReference; lastKnownFileType = sourcecode.c.objc; path = Test2Tests.m; sourceTree = "<group>"; };
/* End PBXFileReference section */

/* Begin PBXFrameworksBuildPhase section */
		2C6CF0F418F11DC500BF14D4 /* Frameworks */ = {
			isa = PBXFrameworksBuildPhase;
			buildActionMask = 2147483647;
			files = (
				2C6CF0FD18F11DC500BF14D4 /* CoreGraphics.framework in Frameworks */,
				2C6CF0FF18F11DC500BF14D4 /* UIKit.framework in Frameworks */,
				2C6CF0FB18F11DC500BF14D4 /* Foundation.framework in Frameworks */,
			);
			runOnlyForDeploymentPostprocessing = 0;
		};
		2C6CF11818F11DC500BF14D4 /* Frameworks */ = {
			isa = PBXFrameworksBuildPhase;
			buildActionMask = 2147483647;
			files = (
				2C6CF11D18F11DC500BF14D4 /* XCTest.framework in Frameworks */,
				2C6CF11F18F11DC500BF14D4 /* UIKit.framework in Frameworks */,
				2C6CF11E18F11DC500BF14D4 /* Foundation.framework in Frameworks */,
			);
			runOnlyForDeploymentPostprocessing = 0;
		};
/* End PBXFrameworksBuildPhase section */

/* Begin PBXGroup section */
		2C6CF0EE18F11DC500BF14D4 = {
			isa = PBXGroup;
			children = (
				2C6CF10018F11DC500BF14D4 /* Test2 */,
				2C6CF12218F11DC500BF14D4 /* Test2Tests */,
				2C6CF0F918F11DC500BF14D4 /* Frameworks */,
				2C6CF0F818F11DC500BF14D4 /* Products */,
			);
			sourceTree = "<group>";
		};
		2C6CF0F818F11DC500BF14D4 /* Products */ = {
			isa = PBXGroup;
			children = (
				2C6CF0F718F11DC500BF14D4 /* Test2.app */,
				2C6CF11B18F11DC500BF14D4 /* Test2Tests.xctest */,
			);
			name = Products;
			sourceTree = "<group>";
		};
		2C6CF0F918F11DC500BF14D4 /* Frameworks */ = {
			isa = PBXGroup;
			children = (
				2C6CF0FA18F11DC500BF14D4 /* Foundation.framework */,
				2C6CF0FC18F11DC500BF14D4 /* CoreGraphics.framework */,
				2C6CF0FE18F11DC500BF14D4 /* UIKit.framework */,
				2C6CF11C18F11DC500BF14D4 /* XCTest.framework */,
			);
			name = Frameworks;
			sourceTree = "<group>";
		};
		2C6CF10018F11DC500BF14D4 /* Test2 */ = {
			isa = PBXGroup;
			children = (
				2C6CF10918F11DC500BF14D4 /* Test2AppDelegate.h */,
				2C6CF10A18F11DC500BF14D4 /* Test2AppDelegate.m */,
				2C6CF10C18F11DC500BF14D4 /* Main.storyboard */,
				2C6CF10F18F11DC500BF14D4 /* Test2FirstViewController.h */,
				2C6CF11018F11DC500BF14D4 /* Test2FirstViewController.m */,
				2C6CF11218F11DC500BF14D4 /* Test2SecondViewController.h */,
				2C6CF11318F11DC500BF14D4 /* Test2SecondViewController.m */,
				2C6CF11518F11DC500BF14D4 /* Images.xcassets */,
				2C6CF10118F11DC500BF14D4 /* Supporting Files */,
			);
			path = Test2;
			sourceTree = "<group>";
		};
		2C6CF10118F11DC500BF14D4 /* Supporting Files */ = {
			isa = PBXGroup;
			children = (
				2C6CF10218F11DC500BF14D4 /* Test2-Info.plist */,
				2C6CF10318F11DC500BF14D4 /* InfoPlist.strings */,
				2C6CF10618F11DC500BF14D4 /* main.m */,
				2C6CF10818F11DC500BF14D4 /* Test2-Prefix.pch */,
			);
			name = "Supporting Files";
			sourceTree = "<group>";
		};
		2C6CF12218F11DC500BF14D4 /* Test2Tests */ = {
			isa = PBXGroup;
			children = (
				2C6CF12818F11DC600BF14D4 /* Test2Tests.m */,
				2C6CF12318F11DC600BF14D4 /* Supporting Files */,
			);
			path = Test2Tests;
			sourceTree = "<group>";
		};
		2C6CF12318F11DC600BF14D4 /* Supporting Files */ = {
			isa = PBXGroup;
			children = (
				2C6CF12418F11DC600BF14D4 /* Test2Tests-Info.plist */,
				2C6CF12518F11DC600BF14D4 /* InfoPlist.strings */,
			);
			name = "Supporting Files";
			sourceTree = "<group>";
		};
/* End PBXGroup section */

/* Begin PBXNativeTarget section */
		2C6CF0F618F11DC500BF14D4 /* Test2 */ = {
			isa = PBXNativeTarget;
			buildConfigurationList = 2C6CF12C18F11DC600BF14D4 /* Build configuration list for PBXNativeTarget "Test2" */;
			buildPhases = (
				2C6CF0F318F11DC500BF14D4 /* Sources */,
				2C6CF0F418F11DC500BF14D4 /* Frameworks */,
				2C6CF0F518F11DC500BF14D4 /* Resources */,
			);
			buildRules = (
			);
			dependencies = (
			);
			name = Test2;
			productName = Test2;
			productReference = 2C6CF0F718F11DC500BF14D4 /* Test2.app */;
			productType = "com.apple.product-type.application";
		};
		2C6CF11A18F11DC500BF14D4 /* Test2Tests */ = {
			isa = PBXNativeTarget;
			buildConfigurationList = 2C6CF12F18F11DC600BF14D4 /* Build configuration list for PBXNativeTarget "Test2Tests" */;
			buildPhases = (
				2C6CF11718F11DC500BF14D4 /* Sources */,
				2C6CF11818F11DC500BF14D4 /* Frameworks */,
				2C6CF11918F11DC500BF14D4 /* Resources */,
			);
			buildRules = (
			);
			dependencies = (
				2C6CF12118F11DC500BF14D4 /* PBXTargetDependency */,
			);
			name = Test2Tests;
			productName = Test2Tests;
			productReference = 2C6CF11B18F11DC500BF14D4 /* Test2Tests.xctest */;
			productType = "com.apple.product-type.bundle.unit-test";
		};
/* End PBXNativeTarget section */

/* Begin PBXProject section */
		2C6CF0EF18F11DC500BF14D4 /* Project object */ = {
			isa = PBXProject;
			attributes = {
				CLASSPREFIX = Test2;
				LastUpgradeCheck = 0510;
				ORGANIZATIONNAME = Eddie;
				TargetAttributes = {
					2C6CF11A18F11DC500BF14D4 = {
						TestTargetID = 2C6CF0F618F11DC500BF14D4;
					};
				};
			};
			buildConfigurationList = 2C6CF0F218F11DC500BF14D4 /* Build configuration list for PBXProject "Test2" */;
			compatibilityVersion = "Xcode 3.2";
			developmentRegion = English;
			hasScannedForEncodings = 0;
			knownRegions = (
				en,
				Base,
			);
			mainGroup = 2C6CF0EE18F11DC500BF14D4;
			productRefGroup = 2C6CF0F818F11DC500BF14D4 /* Products */;
			projectDirPath = "";
			projectRoot = "";
			targets = (
				2C6CF0F618F11DC500BF14D4 /* Test2 */,
				2C6CF11A18F11DC500BF14D4 /* Test2Tests */,
			);
		};
/* End PBXProject section */

/* Begin PBXResourcesBuildPhase section */
		2C6CF0F518F11DC500BF14D4 /* Resources */ = {
			isa = PBXResourcesBuildPhase;
			buildActionMask = 2147483647;
			files = (
				2C6CF11618F11DC500BF14D4 /* Images.xcassets in Resources */,
				2C6CF10518F11DC500BF14D4 /* InfoPlist.strings in Resources */,
				2C6CF10E18F11DC500BF14D4 /* Main.storyboard in Resources */,
			);
			runOnlyForDeploymentPostprocessing = 0;
		};
		2C6CF11918F11DC500BF14D4 /* Resources */ = {
			isa = PBXResourcesBuildPhase;
			buildActionMask = 2147483647;
			files = (
				2C6CF12718F11DC600BF14D4 /* InfoPlist.strings in Resources */,
			);
			runOnlyForDeploymentPostprocessing = 0;
		};
/* End PBXResourcesBuildPhase section */

/* Begin PBXSourcesBuildPhase section */
		2C6CF0F318F11DC500BF14D4 /* Sources */ = {
			isa = PBXSourcesBuildPhase;
			buildActionMask = 2147483647;
			files = (
				2C6CF10718F11DC500BF14D4 /* main.m in Sources */,
				2C6CF11118F11DC500BF14D4 /* Test2FirstViewController.m in Sources */,
				2C6CF10B18F11DC500BF14D4 /* Test2AppDelegate.m in Sources */,
				2C6CF11418F11DC500BF14D4 /* Test2SecondViewController.m in Sources */,
			);
			runOnlyForDeploymentPostprocessing = 0;
		};
		2C6CF11718F11DC500BF14D4 /* Sources */ = {
			isa = PBXSourcesBuildPhase;
			buildActionMask = 2147483647;
			files = (
				2C6CF12918F11DC600BF14D4 /* Test2Tests.m in Sources */,
			);
			runOnlyForDeploymentPostprocessing = 0;
		};
/* End PBXSourcesBuildPhase section */

/* Begin PBXTargetDependency section */
		2C6CF12118F11DC500BF14D4 /* PBXTargetDependency */ = {
			isa = PBXTargetDependency;
			target = 2C6CF0F618F11DC500BF14D4 /* Test2 */;
			targetProxy = 2C6CF12018F11DC500BF14D4 /* PBXContainerItemProxy */;
		};
/* End PBXTargetDependency section */

/* Begin PBXVariantGroup section */
		2C6CF10318F11DC500BF14D4 /* InfoPlist.strings */ = {
			isa = PBXVariantGroup;
			children = (
				2C6CF10418F11DC500BF14D4 /* en */,
			);
			name = InfoPlist.strings;
			sourceTree = "<group>";
		};
		2C6CF10C18F11DC500BF14D4 /* Main.storyboard */ = {
			isa = PBXVariantGroup;
			children = (
				2C6CF10D18F11DC500BF14D4 /* Base */,
			);
			name = Main.storyboard;
			sourceTree = "<group>";
		};
		2C6CF12518F11DC600BF14D4 /* InfoPlist.strings */ = {
			isa = PBXVariantGroup;
			children = (
				2C6CF12618F11DC600BF14D4 /* en */,
			);
			name = InfoPlist.strings;
			sourceTree = "<group>";
		};
/* End PBXVariantGroup section */

/* Begin XCBuildConfiguration section */
		2C6CF12A18F11DC600BF14D4 /* Debug */ = {
			isa = XCBuildConfiguration;
			buildSettings = {
				ALWAYS_SEARCH_USER_PATHS = NO;
				CLANG_CXX_LANGUAGE_STANDARD = "gnu++0x";
				CLANG_CXX_LIBRARY = "libc++";
				CLANG_ENABLE_MODULES = YES;
				CLANG_ENABLE_OBJC_ARC = YES;
				CLANG_WARN_BOOL_CONVERSION = YES;
				CLANG_WARN_CONSTANT_CONVERSION = YES;
				CLANG_WARN_DIRECT_OBJC_ISA_USAGE = YES_ERROR;
				CLANG_WARN_EMPTY_BODY = YES;
				CLANG_WARN_ENUM_CONVERSION = YES;
				CLANG_WARN_INT_CONVERSION = YES;
				CLANG_WARN_OBJC_ROOT_CLASS = YES_ERROR;
				CLANG_WARN__DUPLICATE_METHOD_MATCH = YES;
				"CODE_SIGN_IDENTITY[sdk=iphoneos*]" = "iPhone Developer";
				COPY_PHASE_STRIP = NO;
				GCC_C_LANGUAGE_STANDARD = gnu99;
				GCC_DYNAMIC_NO_PIC = NO;
				GCC_OPTIMIZATION_LEVEL = 0;
				GCC_PREPROCESSOR_DEFINITIONS = (
					"DEBUG=1",
					"$(inherited)",
				);
				GCC_SYMBOLS_PRIVATE_EXTERN = NO;
				GCC_WARN_64_TO_32_BIT_CONVERSION = YES;
				GCC_WARN_ABOUT_RETURN_TYPE = YES_ERROR;
				GCC_WARN_UNDECLARED_SELECTOR = YES;
				GCC_WARN_UNINITIALIZED_AUTOS = YES_AGGRESSIVE;
				GCC_WARN_UNUSED_FUNCTION = YES;
				GCC_WARN_UNUSED_VARIABLE = YES;
				IPHONEOS_DEPLOYMENT_TARGET = 7.1;
				ONLY_ACTIVE_ARCH = YES;
				SDKROOT = iphoneos;
			};
			name = Debug;
		};
		2C6CF12B18F11DC600BF14D4 /* Release */ = {
			isa = XCBuildConfiguration;
			buildSettings = {
				ALWAYS_SEARCH_USER_PATHS = NO;
				CLANG_CXX_LANGUAGE_STANDARD = "gnu++0x";
				CLANG_CXX_LIBRARY = "libc++";
				CLANG_ENABLE_MODULES = YES;
				CLANG_ENABLE_OBJC_ARC = YES;
				CLANG_WARN_BOOL_CONVERSION = YES;
				CLANG_WARN_CONSTANT_CONVERSION = YES;
				CLANG_WARN_DIRECT_OBJC_ISA_USAGE = YES_ERROR;
				CLANG_WARN_EMPTY_BODY = YES;
				CLANG_WARN_ENUM_CONVERSION = YES;
				CLANG_WARN_INT_CONVERSION = YES;
				CLANG_WARN_OBJC_ROOT_CLASS = YES_ERROR;
				CLANG_WARN__DUPLICATE_METHOD_MATCH = YES;
				"CODE_SIGN_IDENTITY[sdk=iphoneos*]" = "iPhone Developer";
				COPY_PHASE_STRIP = YES;
				ENABLE_NS_ASSERTIONS = NO;
				GCC_C_LANGUAGE_STANDARD = gnu99;
				GCC_WARN_64_TO_32_BIT_CONVERSION = YES;
				GCC_WARN_ABOUT_RETURN_TYPE = YES_ERROR;
				GCC_WARN_UNDECLARED_SELECTOR = YES;
				GCC_WARN_UNINITIALIZED_AUTOS = YES_AGGRESSIVE;
				GCC_WARN_UNUSED_FUNCTION = YES;
				GCC_WARN_UNUSED_VARIABLE = YES;
				IPHONEOS_DEPLOYMENT_TARGET = 7.1;
				SDKROOT = iphoneos;
				VALIDATE_PRODUCT = YES;
			};
			name = Release;
		};
		2C6CF12D18F11DC600BF14D4 /* Debug */ = {
			isa = XCBuildConfiguration;
			buildSettings = {
				ASSETCATALOG_COMPILER_APPICON_NAME = AppIcon;
				ASSETCATALOG_COMPILER_LAUNCHIMAGE_NAME = LaunchImage;
				GCC_PRECOMPILE_PREFIX_HEADER = YES;
				GCC_PREFIX_HEADER = "Test2/Test2-Prefix.pch";
				INFOPLIST_FILE = "Test2/Test2-Info.plist";
				PRODUCT_NAME = "$(TARGET_NAME)";
				WRAPPER_EXTENSION = app;
			};
			name = Debug;
		};
		2C6CF12E18F11DC600BF14D4 /* Release */ = {
			isa = XCBuildConfiguration;
			buildSettings = {
				ASSETCATALOG_COMPILER_APPICON_NAME = AppIcon;
				ASSETCATALOG_COMPILER_LAUNCHIMAGE_NAME = LaunchImage;
				GCC_PRECOMPILE_PREFIX_HEADER = YES;
				GCC_PREFIX_HEADER = "Test2/Test2-Prefix.pch";
				INFOPLIST_FILE = "Test2/Test2-Info.plist";
				PRODUCT_NAME = "$(TARGET_NAME)";
				WRAPPER_EXTENSION = app;
			};
			name = Release;
		};
		2C6CF13018F11DC600BF14D4 /* Debug */ = {
			isa = XCBuildConfiguration;
			buildSettings = {
				BUNDLE_LOADER = "$(BUILT_PRODUCTS_DIR)/Test2.app/Test2";
				FRAMEWORK_SEARCH_PATHS = (
					"$(SDKROOT)/Developer/Library/Frameworks",
					"$(inherited)",
					"$(DEVELOPER_FRAMEWORKS_DIR)",
				);
				GCC_PRECOMPILE_PREFIX_HEADER = YES;
				GCC_PREFIX_HEADER = "Test2/Test2-Prefix.pch";
				GCC_PREPROCESSOR_DEFINITIONS = (
					"DEBUG=1",
					"$(inherited)",
				);
				INFOPLIST_FILE = "Test2Tests/Test2Tests-Info.plist";
				PRODUCT_NAME = "$(TARGET_NAME)";
				TEST_HOST = "$(BUNDLE_LOADER)";
				WRAPPER_EXTENSION = xctest;
			};
			name = Debug;
		};
		2C6CF13118F11DC600BF14D4 /* Release */ = {
			isa = XCBuildConfiguration;
			buildSettings = {
				BUNDLE_LOADER = "$(BUILT_PRODUCTS_DIR)/Test2.app/Test2";
				FRAMEWORK_SEARCH_PATHS = (
					"$(SDKROOT)/Developer/Library/Frameworks",
					"$(inherited)",
					"$(DEVELOPER_FRAMEWORKS_DIR)",
				);
				GCC_PRECOMPILE_PREFIX_HEADER = YES;
				GCC_PREFIX_HEADER = "Test2/Test2-Prefix.pch";
				INFOPLIST_FILE = "Test2Tests/Test2Tests-Info.plist";
				PRODUCT_NAME = "$(TARGET_NAME)";
				TEST_HOST = "$(BUNDLE_LOADER)";
				WRAPPER_EXTENSION = xctest;
			};
			name = Release;
		};
/* End XCBuildConfiguration section */

/* Begin XCConfigurationList section */
		2C6CF0F218F11DC500BF14D4 /* Build configuration list for PBXProject "Test2" */ = {
			isa = XCConfigurationList;
			buildConfigurations = (
				2C6CF12A18F11DC600BF14D4 /* Debug */,
				2C6CF12B18F11DC600BF14D4 /* Release */,
			);
			defaultConfigurationIsVisible = 0;
			defaultConfigurationName = Release;
		};
		2C6CF12C18F11DC600BF14D4 /* Build configuration list for PBXNativeTarget "Test2" */ = {
			isa = XCConfigurationList;
			buildConfigurations = (
				2C6CF12D18F11DC600BF14D4 /* Debug */,
				2C6CF12E18F11DC600BF14D4 /* Release */,
			);
			defaultConfigurationIsVisible = 0;
		};
		2C6CF12F18F11DC600BF14D4 /* Build configuration list for PBXNativeTarget "Test2Tests" */ = {
			isa = XCConfigurationList;
			buildConfigurations = (
				2C6CF13018F11DC600BF14D4 /* Debug */,
				2C6CF13118F11DC600BF14D4 /* Release */,
			);
			defaultConfigurationIsVisible = 0;
		};
/* End XCConfigurationList section */
	};
	rootObject = 2C6CF0EF18F11DC500BF14D4 /* Project object */;
}
